
Microsoft Visual Studio Solution File, Format Version 12.00
# Visual Studio Version 16
VisualStudioVersion = 16.0.34031.81
MinimumVisualStudioVersion = 10.0.40219.1
Project("{FAE04EC0-301F-11D3-BF4B-00C04F79EFBC}") = "AUTO_PTP_V01", "AUTO_PTP_V01.csproj", "{D755CEFB-898C-4A67-9FE3-D65033698864}"
EndProject
Global
	GlobalSection(SolutionConfigurationPlatforms) = preSolution
		Debug|Any CPU = Debug|Any CPU
		Release|Any CPU = Release|Any CPU
	EndGlobalSection
	GlobalSection(ProjectConfigurationPlatforms) = postSolution
		{D755CEFB-898C-4A67-9FE3-D65033698864}.Debug|Any CPU.ActiveCfg = Debug|Any CPU
		{D755CEFB-898C-4A67-9FE3-D65033698864}.Debug|Any CPU.Build.0 = Debug|Any CPU
		{D755CEFB-898C-4A67-9FE3-D65033698864}.Release|Any CPU.ActiveCfg = Release|Any CPU
		{D755CEFB-898C-4A67-9FE3-D65033698864}.Release|Any CPU.Build.0 = Release|Any CPU
	EndGlobalSection
	GlobalSection(SolutionProperties) = preSolution
		HideSolutionNode = FALSE
	EndGlobalSection
	GlobalSection(ExtensibilityGlobals) = postSolution
		SolutionGuid = {9B57BB96-7665-4903-9001-9660E84559CF}
	EndGlobalSection
EndGlobal
